github.com/emirpasic/gods v1.18.1 h1:FXtiHYKDGKCW2KzwZKx0iC0PQmdlorYgdFG9jPXJ1Bc=
github.com/emirpasic/gods v1.18.1/go.mod h1:8tpGGwCnJ5H4r6BWwaV6OrWmMoPhUl5jm/FMNAnJvWQ=
github.com/psampaz/gods v1.12.0 h1:JAMG9uIVsbSNR5r71skLw1w7dziOyHPRdyO/o0GMgRs=
github.com/psampaz/gods v1.12.0/go.mod h1:d9CtHR1khiXncPVY9w+zQJtoKgbn5QHVDOsmtpuK5bI=
